
Microsoft Visual Studio Solution File, Format Version 12.00
# Visual Studio Version 17
VisualStudioVersion = 17.13.35806.99
MinimumVisualStudioVersion = 10.0.40219.1
Project("{FAE04EC0-301F-11D3-BF4B-00C04F79EFBC}") = "IMS.WebApp", "IMS.WebApp\IMS.WebApp.csproj", "{B7DB740E-745B-4610-882D-8917C850496A}"
EndProject
Project("{FAE04EC0-301F-11D3-BF4B-00C04F79EFBC}") = "IMS.UseCases", "IMS.UseCases\IMS.UseCases.csproj", "{C52B025E-A543-4064-BC4D-2C9748BC2F37}"
EndProject
Project("{FAE04EC0-301F-11D3-BF4B-00C04F79EFBC}") = "IMS.CoreBusiness", "IMS.CoreBusiness\IMS.CoreBusiness.csproj", "{8EAB6D32-6CF1-49DC-A4B2-06FB1317EAAF}"
EndProject
Global
	GlobalSection(SolutionConfigurationPlatforms) = preSolution
		Debug|Any CPU = Debug|Any CPU
		Release|Any CPU = Release|Any CPU
	EndGlobalSection
	GlobalSection(ProjectConfigurationPlatforms) = postSolution
		{B7DB740E-745B-4610-882D-8917C850496A}.Debug|Any CPU.ActiveCfg = Debug|Any CPU
		{B7DB740E-745B-4610-882D-8917C850496A}.Debug|Any CPU.Build.0 = Debug|Any CPU
		{B7DB740E-745B-4610-882D-8917C850496A}.Release|Any CPU.ActiveCfg = Release|Any CPU
		{B7DB740E-745B-4610-882D-8917C850496A}.Release|Any CPU.Build.0 = Release|Any CPU
		{C52B025E-A543-4064-BC4D-2C9748BC2F37}.Debug|Any CPU.ActiveCfg = Debug|Any CPU
		{C52B025E-A543-4064-BC4D-2C9748BC2F37}.Debug|Any CPU.Build.0 = Debug|Any CPU
		{C52B025E-A543-4064-BC4D-2C9748BC2F37}.Release|Any CPU.ActiveCfg = Release|Any CPU
		{C52B025E-A543-4064-BC4D-2C9748BC2F37}.Release|Any CPU.Build.0 = Release|Any CPU
		{8EAB6D32-6CF1-49DC-A4B2-06FB1317EAAF}.Debug|Any CPU.ActiveCfg = Debug|Any CPU
		{8EAB6D32-6CF1-49DC-A4B2-06FB1317EAAF}.Debug|Any CPU.Build.0 = Debug|Any CPU
		{8EAB6D32-6CF1-49DC-A4B2-06FB1317EAAF}.Release|Any CPU.ActiveCfg = Release|Any CPU
		{8EAB6D32-6CF1-49DC-A4B2-06FB1317EAAF}.Release|Any CPU.Build.0 = Release|Any CPU
	EndGlobalSection
	GlobalSection(SolutionProperties) = preSolution
		HideSolutionNode = FALSE
	EndGlobalSection
	GlobalSection(ExtensibilityGlobals) = postSolution
		SolutionGuid = {6A3B7927-460B-471D-87C8-AD8392ABE065}
	EndGlobalSection
EndGlobal
